
Microsoft Visual Studio Solution File, Format Version 12.00
# Visual Studio 15
Project("{FAE04EC0-301F-11D3-BF4B-00C04F79EFBC}") = "BibleVR", "Assembly-CSharp.csproj", "{2088B3F0-DEDF-0B3C-A22A-784F46C47459}"
EndProject
Project("{FAE04EC0-301F-11D3-BF4B-00C04F79EFBC}") = "BibleVR", "Assembly-CSharp-Editor.csproj", "{35BCA9C6-CC38-B4C7-7F63-A0F064F9AFC2}"
EndProject
Global
	GlobalSection(SolutionConfigurationPlatforms) = preSolution
		Debug|Any CPU = Debug|Any CPU
		Release|Any CPU = Release|Any CPU
	EndGlobalSection
	GlobalSection(ProjectConfigurationPlatforms) = postSolution
		{2088B3F0-DEDF-0B3C-A22A-784F46C47459}.Debug|Any CPU.ActiveCfg = Debug|Any CPU
		{2088B3F0-DEDF-0B3C-A22A-784F46C47459}.Debug|Any CPU.Build.0 = Debug|Any CPU
		{2088B3F0-DEDF-0B3C-A22A-784F46C47459}.Release|Any CPU.ActiveCfg = Release|Any CPU
		{2088B3F0-DEDF-0B3C-A22A-784F46C47459}.Release|Any CPU.Build.0 = Release|Any CPU
		{35BCA9C6-CC38-B4C7-7F63-A0F064F9AFC2}.Debug|Any CPU.ActiveCfg = Debug|Any CPU
		{35BCA9C6-CC38-B4C7-7F63-A0F064F9AFC2}.Debug|Any CPU.Build.0 = Debug|Any CPU
		{35BCA9C6-CC38-B4C7-7F63-A0F064F9AFC2}.Release|Any CPU.ActiveCfg = Release|Any CPU
		{35BCA9C6-CC38-B4C7-7F63-A0F064F9AFC2}.Release|Any CPU.Build.0 = Release|Any CPU
	EndGlobalSection
	GlobalSection(SolutionProperties) = preSolution
		HideSolutionNode = FALSE
	EndGlobalSection
EndGlobal
